# This file was autogenerated by Stack.
# You should not edit this file by hand.
# For more information, please see the documentation at:
#   https://docs.haskellstack.org/en/stable/lock_files

packages:
- completed:
    hackage: brick-0.13@sha256:b30a32a1298a14db7673f593b76f1bbb8a563d167451161a25e99a841a02224a,10221
    pantry-tree:
      size: 2566
      sha256: 025fd4c1b118ece0eb4cddf56db281a02477054f8910bfe8efca294c53e38f37
  original:
    hackage: brick-0.13
snapshots:
- completed:
    size: 504292
    url: https://raw.githubusercontent.com/commercialhaskell/stackage-snapshots/master/lts/7/24.yaml
    sha256: 06475226ae77d200ef106e999bfb280cb658f1ebb166b56f6f579890aab66942
  original: lts-7.24
